
Microsoft Visual Studio Solution File, Format Version 12.00
# Visual Studio Version 17
VisualStudioVersion = 17.3.32901.215
MinimumVisualStudioVersion = 10.0.40219.1
Project("{FAE04EC0-301F-11D3-BF4B-00C04F79EFBC}") = "MyBackendProject", "MyBackendProject\MyBackendProject.csproj", "{6A999B74-30FE-4CFF-A74E-73AED1B1801F}"
EndProject
Global
	GlobalSection(SolutionConfigurationPlatforms) = preSolution
		Debug|Any CPU = Debug|Any CPU
		Release|Any CPU = Release|Any CPU
	EndGlobalSection
	GlobalSection(ProjectConfigurationPlatforms) = postSolution
		{6A999B74-30FE-4CFF-A74E-73AED1B1801F}.Debug|Any CPU.ActiveCfg = Debug|Any CPU
		{6A999B74-30FE-4CFF-A74E-73AED1B1801F}.Debug|Any CPU.Build.0 = Debug|Any CPU
		{6A999B74-30FE-4CFF-A74E-73AED1B1801F}.Release|Any CPU.ActiveCfg = Release|Any CPU
		{6A999B74-30FE-4CFF-A74E-73AED1B1801F}.Release|Any CPU.Build.0 = Release|Any CPU
	EndGlobalSection
	GlobalSection(SolutionProperties) = preSolution
		HideSolutionNode = FALSE
	EndGlobalSection
	GlobalSection(ExtensibilityGlobals) = postSolution
		SolutionGuid = {AD6F5866-54B6-411F-BF52-C29C29800BB1}
	EndGlobalSection
EndGlobal
